// !$*UTF8*$!
{
	archiveVersion = 1;
	classes = {
	};
	objectVersion = 50;
	objects = {

/* Begin PBXBuildFile section */
		3B73B85625EF4DCB00E90A8B /* AppDelegate.swift in Sources */ = {isa = PBXBuildFile; fileRef = 3B73B85525EF4DCB00E90A8B /* AppDelegate.swift */; };
		3B73B85825EF4DCB00E90A8B /* SceneDelegate.swift in Sources */ = {isa = PBXBuildFile; fileRef = 3B73B85725EF4DCB00E90A8B /* SceneDelegate.swift */; };
		3B73B85A25EF4DCB00E90A8B /* BoardViewController.swift in Sources */ = {isa = PBXBuildFile; fileRef = 3B73B85925EF4DCB00E90A8B /* BoardViewController.swift */; };
		3B73B85D25EF4DCB00E90A8B /* Main.storyboard in Resources */ = {isa = PBXBuildFile; fileRef = 3B73B85B25EF4DCB00E90A8B /* Main.storyboard */; };
		3B73B85F25EF4DCD00E90A8B /* Assets.xcassets in Resources */ = {isa = PBXBuildFile; fileRef = 3B73B85E25EF4DCD00E90A8B /* Assets.xcassets */; };
		3B73B86225EF4DCD00E90A8B /* LaunchScreen.storyboard in Resources */ = {isa = PBXBuildFile; fileRef = 3B73B86025EF4DCD00E90A8B /* LaunchScreen.storyboard */; };
		3B73B86C25EF517500E90A8B /* BoardView.swift in Sources */ = {isa = PBXBuildFile; fileRef = 3B73B86B25EF517500E90A8B /* BoardView.swift */; };
		3B73B87125EF673B00E90A8B /* BoardCell.swift in Sources */ = {isa = PBXBuildFile; fileRef = 3B73B86F25EF673B00E90A8B /* BoardCell.swift */; };
		3B73B87225EF673B00E90A8B /* BoardCell.xib in Resources */ = {isa = PBXBuildFile; fileRef = 3B73B87025EF673B00E90A8B /* BoardCell.xib */; };
		3B73B87725EF896B00E90A8B /* Models.swift in Sources */ = {isa = PBXBuildFile; fileRef = 3B73B87625EF896B00E90A8B /* Models.swift */; };
		3B73B87C25F0DD7100E90A8B /* README.md in Resources */ = {isa = PBXBuildFile; fileRef = 3B73B87B25F0DD7100E90A8B /* README.md */; };
/* End PBXBuildFile section */

/* Begin PBXFileReference section */
		3B73B85225EF4DCB00E90A8B /* BoardToMoveKnight.app */ = {isa = PBXFileReference; explicitFileType = wrapper.application; includeInIndex = 0; path = BoardToMoveKnight.app; sourceTree = BUILT_PRODUCTS_DIR; };
		3B73B85525EF4DCB00E90A8B /* AppDelegate.swift */ = {isa = PBXFileReference; lastKnownFileType = sourcecode.swift; path = AppDelegate.swift; sourceTree = "<group>"; };
		3B73B85725EF4DCB00E90A8B /* SceneDelegate.swift */ = {isa = PBXFileReference; lastKnownFileType = sourcecode.swift; path = SceneDelegate.swift; sourceTree = "<group>"; };
		3B73B85925EF4DCB00E90A8B /* BoardViewController.swift */ = {isa = PBXFileReference; lastKnownFileType = sourcecode.swift; path = BoardViewController.swift; sourceTree = "<group>"; };
		3B73B85C25EF4DCB00E90A8B /* Base */ = {isa = PBXFileReference; lastKnownFileType = file.storyboard; name = Base; path = Base.lproj/Main.storyboard; sourceTree = "<group>"; };
		3B73B85E25EF4DCD00E90A8B /* Assets.xcassets */ = {isa = PBXFileReference; lastKnownFileType = folder.assetcatalog; path = Assets.xcassets; sourceTree = "<group>"; };
		3B73B86125EF4DCD00E90A8B /* Base */ = {isa = PBXFileReference; lastKnownFileType = file.storyboard; name = Base; path = Base.lproj/LaunchScreen.storyboard; sourceTree = "<group>"; };
		3B73B86325EF4DCD00E90A8B /* Info.plist */ = {isa = PBXFileReference; lastKnownFileType = text.plist.xml; path = Info.plist; sourceTree = "<group>"; };
		3B73B86B25EF517500E90A8B /* BoardView.swift */ = {isa = PBXFileReference; lastKnownFileType = sourcecode.swift; path = BoardView.swift; sourceTree = "<group>"; };
		3B73B86F25EF673B00E90A8B /* BoardCell.swift */ = {isa = PBXFileReference; fileEncoding = 4; lastKnownFileType = sourcecode.swift; path = BoardCell.swift; sourceTree = "<group>"; };
		3B73B87025EF673B00E90A8B /* BoardCell.xib */ = {isa = PBXFileReference; fileEncoding = 4; lastKnownFileType = file.xib; path = BoardCell.xib; sourceTree = "<group>"; };
		3B73B87625EF896B00E90A8B /* Models.swift */ = {isa = PBXFileReference; lastKnownFileType = sourcecode.swift; path = Models.swift; sourceTree = "<group>"; };
		3B73B87B25F0DD7100E90A8B /* README.md */ = {isa = PBXFileReference; fileEncoding = 4; lastKnownFileType = net.daringfireball.markdown; path = README.md; sourceTree = "<group>"; };
/* End PBXFileReference section */

/* Begin PBXFrameworksBuildPhase section */
		3B73B84F25EF4DCB00E90A8B /* Frameworks */ = {
			isa = PBXFrameworksBuildPhase;
			buildActionMask = 2147483647;
			files = (
			);
			runOnlyForDeploymentPostprocessing = 0;
		};
/* End PBXFrameworksBuildPhase section */

/* Begin PBXGroup section */
		3B73B84925EF4DCB00E90A8B = {
			isa = PBXGroup;
			children = (
				3B73B87B25F0DD7100E90A8B /* README.md */,
				3B73B85425EF4DCB00E90A8B /* BoardToMoveKnight */,
				3B73B85325EF4DCB00E90A8B /* Products */,
			);
			sourceTree = "<group>";
		};
		3B73B85325EF4DCB00E90A8B /* Products */ = {
			isa = PBXGroup;
			children = (
				3B73B85225EF4DCB00E90A8B /* BoardToMoveKnight.app */,
			);
			name = Products;
			sourceTree = "<group>";
		};
		3B73B85425EF4DCB00E90A8B /* BoardToMoveKnight */ = {
			isa = PBXGroup;
			children = (
				3B73B85525EF4DCB00E90A8B /* AppDelegate.swift */,
				3B73B85725EF4DCB00E90A8B /* SceneDelegate.swift */,
				3B73B87425EF681100E90A8B /* Cells */,
				3B73B85925EF4DCB00E90A8B /* BoardViewController.swift */,
				3B73B85B25EF4DCB00E90A8B /* Main.storyboard */,
				3B73B86B25EF517500E90A8B /* BoardView.swift */,
				3B73B87625EF896B00E90A8B /* Models.swift */,
				3B73B85E25EF4DCD00E90A8B /* Assets.xcassets */,
				3B73B86025EF4DCD00E90A8B /* LaunchScreen.storyboard */,
				3B73B86325EF4DCD00E90A8B /* Info.plist */,
			);
			path = BoardToMoveKnight;
			sourceTree = "<group>";
		};
		3B73B87425EF681100E90A8B /* Cells */ = {
			isa = PBXGroup;
			children = (
				3B73B86F25EF673B00E90A8B /* BoardCell.swift */,
				3B73B87025EF673B00E90A8B /* BoardCell.xib */,
			);
			path = Cells;
			sourceTree = "<group>";
		};
/* End PBXGroup section */

/* Begin PBXNativeTarget section */
		3B73B85125EF4DCB00E90A8B /* BoardToMoveKnight */ = {
			isa = PBXNativeTarget;
			buildConfigurationList = 3B73B86625EF4DCD00E90A8B /* Build configuration list for PBXNativeTarget "BoardToMoveKnight" */;
			buildPhases = (
				3B73B84E25EF4DCB00E90A8B /* Sources */,
				3B73B84F25EF4DCB00E90A8B /* Frameworks */,
				3B73B85025EF4DCB00E90A8B /* Resources */,
			);
			buildRules = (
			);
			dependencies = (
			);
			name = BoardToMoveKnight;
			productName = BoardToMoveKnight;
			productReference = 3B73B85225EF4DCB00E90A8B /* BoardToMoveKnight.app */;
			productType = "com.apple.product-type.application";
		};
/* End PBXNativeTarget section */

/* Begin PBXProject section */
		3B73B84A25EF4DCB00E90A8B /* Project object */ = {
			isa = PBXProject;
			attributes = {
				LastSwiftUpdateCheck = 1240;
				LastUpgradeCheck = 1240;
				TargetAttributes = {
					3B73B85125EF4DCB00E90A8B = {
						CreatedOnToolsVersion = 12.4;
					};
				};
			};
			buildConfigurationList = 3B73B84D25EF4DCB00E90A8B /* Build configuration list for PBXProject "BoardToMoveKnight" */;
			compatibilityVersion = "Xcode 9.3";
			developmentRegion = en;
			hasScannedForEncodings = 0;
			knownRegions = (
				en,
				Base,
			);
			mainGroup = 3B73B84925EF4DCB00E90A8B;
			productRefGroup = 3B73B85325EF4DCB00E90A8B /* Products */;
			projectDirPath = "";
			projectRoot = "";
			targets = (
				3B73B85125EF4DCB00E90A8B /* BoardToMoveKnight */,
			);
		};
/* End PBXProject section */

/* Begin PBXResourcesBuildPhase section */
		3B73B85025EF4DCB00E90A8B /* Resources */ = {
			isa = PBXResourcesBuildPhase;
			buildActionMask = 2147483647;
			files = (
				3B73B86225EF4DCD00E90A8B /* LaunchScreen.storyboard in Resources */,
				3B73B85F25EF4DCD00E90A8B /* Assets.xcassets in Resources */,
				3B73B87C25F0DD7100E90A8B /* README.md in Resources */,
				3B73B87225EF673B00E90A8B /* BoardCell.xib in Resources */,
				3B73B85D25EF4DCB00E90A8B /* Main.storyboard in Resources */,
			);
			runOnlyForDeploymentPostprocessing = 0;
		};
/* End PBXResourcesBuildPhase section */

/* Begin PBXSourcesBuildPhase section */
		3B73B84E25EF4DCB00E90A8B /* Sources */ = {
			isa = PBXSourcesBuildPhase;
			buildActionMask = 2147483647;
			files = (
				3B73B85A25EF4DCB00E90A8B /* BoardViewController.swift in Sources */,
				3B73B86C25EF517500E90A8B /* BoardView.swift in Sources */,
				3B73B85625EF4DCB00E90A8B /* AppDelegate.swift in Sources */,
				3B73B87725EF896B00E90A8B /* Models.swift in Sources */,
				3B73B85825EF4DCB00E90A8B /* SceneDelegate.swift in Sources */,
				3B73B87125EF673B00E90A8B /* BoardCell.swift in Sources */,
			);
			runOnlyForDeploymentPostprocessing = 0;
		};
/* End PBXSourcesBuildPhase section */

/* Begin PBXVariantGroup section */
		3B73B85B25EF4DCB00E90A8B /* Main.storyboard */ = {
			isa = PBXVariantGroup;
			children = (
				3B73B85C25EF4DCB00E90A8B /* Base */,
			);
			name = Main.storyboard;
			sourceTree = "<group>";
		};
		3B73B86025EF4DCD00E90A8B /* LaunchScreen.storyboard */ = {
			isa = PBXVariantGroup;
			children = (
				3B73B86125EF4DCD00E90A8B /* Base */,
			);
			name = LaunchScreen.storyboard;
			sourceTree = "<group>";
		};
/* End PBXVariantGroup section */

/* Begin XCBuildConfiguration section */
		3B73B86425EF4DCD00E90A8B /* Debug */ = {
			isa = XCBuildConfiguration;
			buildSettings = {
				ALWAYS_SEARCH_USER_PATHS = NO;
				CLANG_ANALYZER_NONNULL = YES;
				CLANG_ANALYZER_NUMBER_OBJECT_CONVERSION = YES_AGGRESSIVE;
				CLANG_CXX_LANGUAGE_STANDARD = "gnu++14";
				CLANG_CXX_LIBRARY = "libc++";
				CLANG_ENABLE_MODULES = YES;
				CLANG_ENABLE_OBJC_ARC = YES;
				CLANG_ENABLE_OBJC_WEAK = YES;
				CLANG_WARN_BLOCK_CAPTURE_AUTORELEASING = YES;
				CLANG_WARN_BOOL_CONVERSION = YES;
				CLANG_WARN_COMMA = YES;
				CLANG_WARN_CONSTANT_CONVERSION = YES;
				CLANG_WARN_DEPRECATED_OBJC_IMPLEMENTATIONS = YES;
				CLANG_WARN_DIRECT_OBJC_ISA_USAGE = YES_ERROR;
				CLANG_WARN_DOCUMENTATION_COMMENTS = YES;
				CLANG_WARN_EMPTY_BODY = YES;
				CLANG_WARN_ENUM_CONVERSION = YES;
				CLANG_WARN_INFINITE_RECURSION = YES;
				CLANG_WARN_INT_CONVERSION = YES;
				CLANG_WARN_NON_LITERAL_NULL_CONVERSION = YES;
				CLANG_WARN_OBJC_IMPLICIT_RETAIN_SELF = YES;
				CLANG_WARN_OBJC_LITERAL_CONVERSION = YES;
				CLANG_WARN_OBJC_ROOT_CLASS = YES_ERROR;
				CLANG_WARN_QUOTED_INCLUDE_IN_FRAMEWORK_HEADER = YES;
				CLANG_WARN_RANGE_LOOP_ANALYSIS = YES;
				CLANG_WARN_STRICT_PROTOTYPES = YES;
				CLANG_WARN_SUSPICIOUS_MOVE = YES;
				CLANG_WARN_UNGUARDED_AVAILABILITY = YES_AGGRESSIVE;
				CLANG_WARN_UNREACHABLE_CODE = YES;
				CLANG_WARN__DUPLICATE_METHOD_MATCH = YES;
				COPY_PHASE_STRIP = NO;
				DEBUG_INFORMATION_FORMAT = dwarf;
				ENABLE_STRICT_OBJC_MSGSEND = YES;
				ENABLE_TESTABILITY = YES;
				GCC_C_LANGUAGE_STANDARD = gnu11;
				GCC_DYNAMIC_NO_PIC = NO;
				GCC_NO_COMMON_BLOCKS = YES;
				GCC_OPTIMIZATION_LEVEL = 0;
				GCC_PREPROCESSOR_DEFINITIONS = (
					"DEBUG=1",
					"$(inherited)",
				);
				GCC_WARN_64_TO_32_BIT_CONVERSION = YES;
				GCC_WARN_ABOUT_RETURN_TYPE = YES_ERROR;
				GCC_WARN_UNDECLARED_SELECTOR = YES;
				GCC_WARN_UNINITIALIZED_AUTOS = YES_AGGRESSIVE;
				GCC_WARN_UNUSED_FUNCTION = YES;
				GCC_WARN_UNUSED_VARIABLE = YES;
				IPHONEOS_DEPLOYMENT_TARGET = 14.4;
				MTL_ENABLE_DEBUG_INFO = INCLUDE_SOURCE;
				MTL_FAST_MATH = YES;
				ONLY_ACTIVE_ARCH = YES;
				SDKROOT = iphoneos;
				SWIFT_ACTIVE_COMPILATION_CONDITIONS = DEBUG;
				SWIFT_OPTIMIZATION_LEVEL = "-Onone";
			};
			name = Debug;
		};
		3B73B86525EF4DCD00E90A8B /* Release */ = {
			isa = XCBuildConfiguration;
			buildSettings = {
				ALWAYS_SEARCH_USER_PATHS = NO;
				CLANG_ANALYZER_NONNULL = YES;
				CLANG_ANALYZER_NUMBER_OBJECT_CONVERSION = YES_AGGRESSIVE;
				CLANG_CXX_LANGUAGE_STANDARD = "gnu++14";
				CLANG_CXX_LIBRARY = "libc++";
				CLANG_ENABLE_MODULES = YES;
				CLANG_ENABLE_OBJC_ARC = YES;
				CLANG_ENABLE_OBJC_WEAK = YES;
				CLANG_WARN_BLOCK_CAPTURE_AUTORELEASING = YES;
				CLANG_WARN_BOOL_CONVERSION = YES;
				CLANG_WARN_COMMA = YES;
				CLANG_WARN_CONSTANT_CONVERSION = YES;
				CLANG_WARN_DEPRECATED_OBJC_IMPLEMENTATIONS = YES;
				CLANG_WARN_DIRECT_OBJC_ISA_USAGE = YES_ERROR;
				CLANG_WARN_DOCUMENTATION_COMMENTS = YES;
				CLANG_WARN_EMPTY_BODY = YES;
				CLANG_WARN_ENUM_CONVERSION = YES;
				CLANG_WARN_INFINITE_RECURSION = YES;
				CLANG_WARN_INT_CONVERSION = YES;
				CLANG_WARN_NON_LITERAL_NULL_CONVERSION = YES;
				CLANG_WARN_OBJC_IMPLICIT_RETAIN_SELF = YES;
				CLANG_WARN_OBJC_LITERAL_CONVERSION = YES;
				CLANG_WARN_OBJC_ROOT_CLASS = YES_ERROR;
				CLANG_WARN_QUOTED_INCLUDE_IN_FRAMEWORK_HEADER = YES;
				CLANG_WARN_RANGE_LOOP_ANALYSIS = YES;
				CLANG_WARN_STRICT_PROTOTYPES = YES;
				CLANG_WARN_SUSPICIOUS_MOVE = YES;
				CLANG_WARN_UNGUARDED_AVAILABILITY = YES_AGGRESSIVE;
				CLANG_WARN_UNREACHABLE_CODE = YES;
				CLANG_WARN__DUPLICATE_METHOD_MATCH = YES;
				COPY_PHASE_STRIP = NO;
				DEBUG_INFORMATION_FORMAT = "dwarf-with-dsym";
				ENABLE_NS_ASSERTIONS = NO;
				ENABLE_STRICT_OBJC_MSGSEND = YES;
				GCC_C_LANGUAGE_STANDARD = gnu11;
				GCC_NO_COMMON_BLOCKS = YES;
				GCC_WARN_64_TO_32_BIT_CONVERSION = YES;
				GCC_WARN_ABOUT_RETURN_TYPE = YES_ERROR;
				GCC_WARN_UNDECLARED_SELECTOR = YES;
				GCC_WARN_UNINITIALIZED_AUTOS = YES_AGGRESSIVE;
				GCC_WARN_UNUSED_FUNCTION = YES;
				GCC_WARN_UNUSED_VARIABLE = YES;
				IPHONEOS_DEPLOYMENT_TARGET = 14.4;
				MTL_ENABLE_DEBUG_INFO = NO;
				MTL_FAST_MATH = YES;
				SDKROOT = iphoneos;
				SWIFT_COMPILATION_MODE = wholemodule;
				SWIFT_OPTIMIZATION_LEVEL = "-O";
				VALIDATE_PRODUCT = YES;
			};
			name = Release;
		};
		3B73B86725EF4DCD00E90A8B /* Debug */ = {
			isa = XCBuildConfiguration;
			buildSettings = {
				ASSETCATALOG_COMPILER_APPICON_NAME = AppIcon;
				ASSETCATALOG_COMPILER_GLOBAL_ACCENT_COLOR_NAME = AccentColor;
				CODE_SIGN_STYLE = Automatic;
				DEVELOPMENT_TEAM = RVR7KFHS2L;
				INFOPLIST_FILE = BoardToMoveKnight/Info.plist;
				LD_RUNPATH_SEARCH_PATHS = (
					"$(inherited)",
					"@executable_path/Frameworks",
				);
				PRODUCT_BUNDLE_IDENTIFIER = com.unswiftdev.BoardToMoveKnight;
				PRODUCT_NAME = "$(TARGET_NAME)";
				SWIFT_VERSION = 5.0;
				TARGETED_DEVICE_FAMILY = "1,2";
			};
			name = Debug;
		};
		3B73B86825EF4DCD00E90A8B /* Release */ = {
			isa = XCBuildConfiguration;
			buildSettings = {
				ASSETCATALOG_COMPILER_APPICON_NAME = AppIcon;
				ASSETCATALOG_COMPILER_GLOBAL_ACCENT_COLOR_NAME = AccentColor;
				CODE_SIGN_STYLE = Automatic;
				DEVELOPMENT_TEAM = RVR7KFHS2L;
				INFOPLIST_FILE = BoardToMoveKnight/Info.plist;
				LD_RUNPATH_SEARCH_PATHS = (
					"$(inherited)",
					"@executable_path/Frameworks",
				);
				PRODUCT_BUNDLE_IDENTIFIER = com.unswiftdev.BoardToMoveKnight;
				PRODUCT_NAME = "$(TARGET_NAME)";
				SWIFT_VERSION = 5.0;
				TARGETED_DEVICE_FAMILY = "1,2";
			};
			name = Release;
		};
/* End XCBuildConfiguration section */

/* Begin XCConfigurationList section */
		3B73B84D25EF4DCB00E90A8B /* Build configuration list for PBXProject "BoardToMoveKnight" */ = {
			isa = XCConfigurationList;
			buildConfigurations = (
				3B73B86425EF4DCD00E90A8B /* Debug */,
				3B73B86525EF4DCD00E90A8B /* Release */,
			);
			defaultConfigurationIsVisible = 0;
			defaultConfigurationName = Release;
		};
		3B73B86625EF4DCD00E90A8B /* Build configuration list for PBXNativeTarget "BoardToMoveKnight" */ = {
			isa = XCConfigurationList;
			buildConfigurations = (
				3B73B86725EF4DCD00E90A8B /* Debug */,
				3B73B86825EF4DCD00E90A8B /* Release */,
			);
			defaultConfigurationIsVisible = 0;
			defaultConfigurationName = Release;
		};
/* End XCConfigurationList section */
	};
	rootObject = 3B73B84A25EF4DCB00E90A8B /* Project object */;
}
